
Microsoft Visual Studio Solution File, Format Version 12.00
# Visual Studio Version 16
VisualStudioVersion = 16.0.32228.343
MinimumVisualStudioVersion = 10.0.40219.1
Project("{FAE04EC0-301F-11D3-BF4B-00C04F79EFBC}") = "MVVM", "MVVM\MVVM.csproj", "{6213669D-5289-4E92-92A0-79FF2064FF0F}"
EndProject
Project("{FAE04EC0-301F-11D3-BF4B-00C04F79EFBC}") = "ExampleMVVM", "ExampleMVVM\ExampleMVVM.csproj", "{A3598233-FF6D-4BBE-A10A-E2DE57E61661}"
EndProject
Global
	GlobalSection(SolutionConfigurationPlatforms) = preSolution
		Debug|Any CPU = Debug|Any CPU
		Release|Any CPU = Release|Any CPU
	EndGlobalSection
	GlobalSection(ProjectConfigurationPlatforms) = postSolution
		{6213669D-5289-4E92-92A0-79FF2064FF0F}.Debug|Any CPU.ActiveCfg = Debug|Any CPU
		{6213669D-5289-4E92-92A0-79FF2064FF0F}.Debug|Any CPU.Build.0 = Debug|Any CPU
		{6213669D-5289-4E92-92A0-79FF2064FF0F}.Release|Any CPU.ActiveCfg = Release|Any CPU
		{6213669D-5289-4E92-92A0-79FF2064FF0F}.Release|Any CPU.Build.0 = Release|Any CPU
		{A3598233-FF6D-4BBE-A10A-E2DE57E61661}.Debug|Any CPU.ActiveCfg = Debug|Any CPU
		{A3598233-FF6D-4BBE-A10A-E2DE57E61661}.Debug|Any CPU.Build.0 = Debug|Any CPU
		{A3598233-FF6D-4BBE-A10A-E2DE57E61661}.Release|Any CPU.ActiveCfg = Release|Any CPU
		{A3598233-FF6D-4BBE-A10A-E2DE57E61661}.Release|Any CPU.Build.0 = Release|Any CPU
	EndGlobalSection
	GlobalSection(SolutionProperties) = preSolution
		HideSolutionNode = FALSE
	EndGlobalSection
	GlobalSection(ExtensibilityGlobals) = postSolution
		SolutionGuid = {A0E91608-D625-4679-9166-231BE0EAD837}
	EndGlobalSection
EndGlobal
